// !$*UTF8*$!
{
	archiveVersion = 1;
	classes = {
	};
	objectVersion = 46;
	objects = {

/* Begin PBXBuildFile section */
		DCA93DE91C4906800030930D /* XLYKeyValueStore.h in Headers */ = {isa = PBXBuildFile; fileRef = DCA93DE71C4906800030930D /* XLYKeyValueStore.h */; settings = {ATTRIBUTES = (Public, ); }; };
		DCA93DEA1C4906800030930D /* XLYKeyValueStore.m in Sources */ = {isa = PBXBuildFile; fileRef = DCA93DE81C4906800030930D /* XLYKeyValueStore.m */; };
/* End PBXBuildFile section */

/* Begin PBXFileReference section */
		DCA93DDC1C4905FF0030930D /* XLYKeyValueStore.framework */ = {isa = PBXFileReference; explicitFileType = wrapper.framework; includeInIndex = 0; path = XLYKeyValueStore.framework; sourceTree = BUILT_PRODUCTS_DIR; };
		DCA93DE11C4905FF0030930D /* Info.plist */ = {isa = PBXFileReference; lastKnownFileType = text.plist.xml; path = Info.plist; sourceTree = "<group>"; };
		DCA93DE71C4906800030930D /* XLYKeyValueStore.h */ = {isa = PBXFileReference; fileEncoding = 4; lastKnownFileType = sourcecode.c.h; name = XLYKeyValueStore.h; path = codes/XLYKeyValueStore.h; sourceTree = SOURCE_ROOT; };
		DCA93DE81C4906800030930D /* XLYKeyValueStore.m */ = {isa = PBXFileReference; fileEncoding = 4; lastKnownFileType = sourcecode.c.objc; name = XLYKeyValueStore.m; path = codes/XLYKeyValueStore.m; sourceTree = SOURCE_ROOT; };
/* End PBXFileReference section */

/* Begin PBXFrameworksBuildPhase section */
		DCA93DD81C4905FF0030930D /* Frameworks */ = {
			isa = PBXFrameworksBuildPhase;
			buildActionMask = 2147483647;
			files = (
			);
			runOnlyForDeploymentPostprocessing = 0;
		};
/* End PBXFrameworksBuildPhase section */

/* Begin PBXGroup section */
		DCA93DD21C4905FF0030930D = {
			isa = PBXGroup;
			children = (
				DCA93DDE1C4905FF0030930D /* XLYKeyValueStore */,
				DCA93DDD1C4905FF0030930D /* Products */,
			);
			sourceTree = "<group>";
		};
		DCA93DDD1C4905FF0030930D /* Products */ = {
			isa = PBXGroup;
			children = (
				DCA93DDC1C4905FF0030930D /* XLYKeyValueStore.framework */,
			);
			name = Products;
			sourceTree = "<group>";
		};
		DCA93DDE1C4905FF0030930D /* XLYKeyValueStore */ = {
			isa = PBXGroup;
			children = (
				DCA93DE71C4906800030930D /* XLYKeyValueStore.h */,
				DCA93DE81C4906800030930D /* XLYKeyValueStore.m */,
				DCA93DE11C4905FF0030930D /* Info.plist */,
			);
			path = XLYKeyValueStore;
			sourceTree = "<group>";
		};
/* End PBXGroup section */

/* Begin PBXHeadersBuildPhase section */
		DCA93DD91C4905FF0030930D /* Headers */ = {
			isa = PBXHeadersBuildPhase;
			buildActionMask = 2147483647;
			files = (
				DCA93DE91C4906800030930D /* XLYKeyValueStore.h in Headers */,
			);
			runOnlyForDeploymentPostprocessing = 0;
		};
/* End PBXHeadersBuildPhase section */

/* Begin PBXNativeTarget section */
		DCA93DDB1C4905FF0030930D /* XLYKeyValueStore iOS */ = {
			isa = PBXNativeTarget;
			buildConfigurationList = DCA93DE41C4905FF0030930D /* Build configuration list for PBXNativeTarget "XLYKeyValueStore iOS" */;
			buildPhases = (
				DCA93DD71C4905FF0030930D /* Sources */,
				DCA93DD81C4905FF0030930D /* Frameworks */,
				DCA93DD91C4905FF0030930D /* Headers */,
				DCA93DDA1C4905FF0030930D /* Resources */,
			);
			buildRules = (
			);
			dependencies = (
			);
			name = "XLYKeyValueStore iOS";
			productName = XLYKeyValueStore;
			productReference = DCA93DDC1C4905FF0030930D /* XLYKeyValueStore.framework */;
			productType = "com.apple.product-type.framework";
		};
/* End PBXNativeTarget section */

/* Begin PBXProject section */
		DCA93DD31C4905FF0030930D /* Project object */ = {
			isa = PBXProject;
			attributes = {
				LastUpgradeCheck = 0720;
				ORGANIZATIONNAME = Felix;
				TargetAttributes = {
					DCA93DDB1C4905FF0030930D = {
						CreatedOnToolsVersion = 7.2;
					};
				};
			};
			buildConfigurationList = DCA93DD61C4905FF0030930D /* Build configuration list for PBXProject "XLYKeyValueStore" */;
			compatibilityVersion = "Xcode 3.2";
			developmentRegion = English;
			hasScannedForEncodings = 0;
			knownRegions = (
				en,
			);
			mainGroup = DCA93DD21C4905FF0030930D;
			productRefGroup = DCA93DDD1C4905FF0030930D /* Products */;
			projectDirPath = "";
			projectRoot = "";
			targets = (
				DCA93DDB1C4905FF0030930D /* XLYKeyValueStore iOS */,
			);
		};
/* End PBXProject section */

/* Begin PBXResourcesBuildPhase section */
		DCA93DDA1C4905FF0030930D /* Resources */ = {
			isa = PBXResourcesBuildPhase;
			buildActionMask = 2147483647;
			files = (
			);
			runOnlyForDeploymentPostprocessing = 0;
		};
/* End PBXResourcesBuildPhase section */

/* Begin PBXSourcesBuildPhase section */
		DCA93DD71C4905FF0030930D /* Sources */ = {
			isa = PBXSourcesBuildPhase;
			buildActionMask = 2147483647;
			files = (
				DCA93DEA1C4906800030930D /* XLYKeyValueStore.m in Sources */,
			);
			runOnlyForDeploymentPostprocessing = 0;
		};
/* End PBXSourcesBuildPhase section */

/* Begin XCBuildConfiguration section */
		DCA93DE21C4905FF0030930D /* Debug */ = {
			isa = XCBuildConfiguration;
			buildSettings = {
				ALWAYS_SEARCH_USER_PATHS = NO;
				CLANG_CXX_LANGUAGE_STANDARD = "gnu++0x";
				CLANG_CXX_LIBRARY = "libc++";
				CLANG_ENABLE_MODULES = YES;
				CLANG_ENABLE_OBJC_ARC = YES;
				CLANG_WARN_BOOL_CONVERSION = YES;
				CLANG_WARN_CONSTANT_CONVERSION = YES;
				CLANG_WARN_DIRECT_OBJC_ISA_USAGE = YES_ERROR;
				CLANG_WARN_EMPTY_BODY = YES;
				CLANG_WARN_ENUM_CONVERSION = YES;
				CLANG_WARN_INT_CONVERSION = YES;
				CLANG_WARN_OBJC_ROOT_CLASS = YES_ERROR;
				CLANG_WARN_UNREACHABLE_CODE = YES;
				CLANG_WARN__DUPLICATE_METHOD_MATCH = YES;
				"CODE_SIGN_IDENTITY[sdk=iphoneos*]" = "iPhone Developer";
				COPY_PHASE_STRIP = NO;
				CURRENT_PROJECT_VERSION = 1;
				DEBUG_INFORMATION_FORMAT = dwarf;
				ENABLE_STRICT_OBJC_MSGSEND = YES;
				ENABLE_TESTABILITY = YES;
				GCC_C_LANGUAGE_STANDARD = gnu99;
				GCC_DYNAMIC_NO_PIC = NO;
				GCC_NO_COMMON_BLOCKS = YES;
				GCC_OPTIMIZATION_LEVEL = 0;
				GCC_PREPROCESSOR_DEFINITIONS = (
					"DEBUG=1",
					"$(inherited)",
				);
				GCC_WARN_64_TO_32_BIT_CONVERSION = YES;
				GCC_WARN_ABOUT_RETURN_TYPE = YES_ERROR;
				GCC_WARN_UNDECLARED_SELECTOR = YES;
				GCC_WARN_UNINITIALIZED_AUTOS = YES_AGGRESSIVE;
				GCC_WARN_UNUSED_FUNCTION = YES;
				GCC_WARN_UNUSED_VARIABLE = YES;
				IPHONEOS_DEPLOYMENT_TARGET = 9.2;
				MTL_ENABLE_DEBUG_INFO = YES;
				ONLY_ACTIVE_ARCH = YES;
				SDKROOT = iphoneos;
				TARGETED_DEVICE_FAMILY = "1,2";
				VERSIONING_SYSTEM = "apple-generic";
				VERSION_INFO_PREFIX = "";
			};
			name = Debug;
		};
		DCA93DE31C4905FF0030930D /* Release */ = {
			isa = XCBuildConfiguration;
			buildSettings = {
				ALWAYS_SEARCH_USER_PATHS = NO;
				CLANG_CXX_LANGUAGE_STANDARD = "gnu++0x";
				CLANG_CXX_LIBRARY = "libc++";
				CLANG_ENABLE_MODULES = YES;
				CLANG_ENABLE_OBJC_ARC = YES;
				CLANG_WARN_BOOL_CONVERSION = YES;
				CLANG_WARN_CONSTANT_CONVERSION = YES;
				CLANG_WARN_DIRECT_OBJC_ISA_USAGE = YES_ERROR;
				CLANG_WARN_EMPTY_BODY = YES;
				CLANG_WARN_ENUM_CONVERSION = YES;
				CLANG_WARN_INT_CONVERSION = YES;
				CLANG_WARN_OBJC_ROOT_CLASS = YES_ERROR;
				CLANG_WARN_UNREACHABLE_CODE = YES;
				CLANG_WARN__DUPLICATE_METHOD_MATCH = YES;
				"CODE_SIGN_IDENTITY[sdk=iphoneos*]" = "iPhone Developer";
				COPY_PHASE_STRIP = NO;
				CURRENT_PROJECT_VERSION = 1;
				DEBUG_INFORMATION_FORMAT = "dwarf-with-dsym";
				ENABLE_NS_ASSERTIONS = NO;
				ENABLE_STRICT_OBJC_MSGSEND = YES;
				GCC_C_LANGUAGE_STANDARD = gnu99;
				GCC_NO_COMMON_BLOCKS = YES;
				GCC_WARN_64_TO_32_BIT_CONVERSION = YES;
				GCC_WARN_ABOUT_RETURN_TYPE = YES_ERROR;
				GCC_WARN_UNDECLARED_SELECTOR = YES;
				GCC_WARN_UNINITIALIZED_AUTOS = YES_AGGRESSIVE;
				GCC_WARN_UNUSED_FUNCTION = YES;
				GCC_WARN_UNUSED_VARIABLE = YES;
				IPHONEOS_DEPLOYMENT_TARGET = 9.2;
				MTL_ENABLE_DEBUG_INFO = NO;
				SDKROOT = iphoneos;
				TARGETED_DEVICE_FAMILY = "1,2";
				VALIDATE_PRODUCT = YES;
				VERSIONING_SYSTEM = "apple-generic";
				VERSION_INFO_PREFIX = "";
			};
			name = Release;
		};
		DCA93DE51C4905FF0030930D /* Debug */ = {
			isa = XCBuildConfiguration;
			buildSettings = {
				DEFINES_MODULE = YES;
				DYLIB_COMPATIBILITY_VERSION = 1;
				DYLIB_CURRENT_VERSION = 1;
				DYLIB_INSTALL_NAME_BASE = "@rpath";
				INFOPLIST_FILE = XLYKeyValueStore/Info.plist;
				INSTALL_PATH = "$(LOCAL_LIBRARY_DIR)/Frameworks";
				IPHONEOS_DEPLOYMENT_TARGET = 8.0;
				LD_RUNPATH_SEARCH_PATHS = "$(inherited) @executable_path/Frameworks @loader_path/Frameworks";
				PRODUCT_BUNDLE_IDENTIFIER = net.xfapp.XLYKeyValueStore;
				PRODUCT_NAME = XLYKeyValueStore;
				SKIP_INSTALL = YES;
			};
			name = Debug;
		};
		DCA93DE61C4905FF0030930D /* Release */ = {
			isa = XCBuildConfiguration;
			buildSettings = {
				DEFINES_MODULE = YES;
				DYLIB_COMPATIBILITY_VERSION = 1;
				DYLIB_CURRENT_VERSION = 1;
				DYLIB_INSTALL_NAME_BASE = "@rpath";
				INFOPLIST_FILE = XLYKeyValueStore/Info.plist;
				INSTALL_PATH = "$(LOCAL_LIBRARY_DIR)/Frameworks";
				IPHONEOS_DEPLOYMENT_TARGET = 8.0;
				LD_RUNPATH_SEARCH_PATHS = "$(inherited) @executable_path/Frameworks @loader_path/Frameworks";
				PRODUCT_BUNDLE_IDENTIFIER = net.xfapp.XLYKeyValueStore;
				PRODUCT_NAME = XLYKeyValueStore;
				SKIP_INSTALL = YES;
			};
			name = Release;
		};
/* End XCBuildConfiguration section */

/* Begin XCConfigurationList section */
		DCA93DD61C4905FF0030930D /* Build configuration list for PBXProject "XLYKeyValueStore" */ = {
			isa = XCConfigurationList;
			buildConfigurations = (
				DCA93DE21C4905FF0030930D /* Debug */,
				DCA93DE31C4905FF0030930D /* Release */,
			);
			defaultConfigurationIsVisible = 0;
			defaultConfigurationName = Release;
		};
		DCA93DE41C4905FF0030930D /* Build configuration list for PBXNativeTarget "XLYKeyValueStore iOS" */ = {
			isa = XCConfigurationList;
			buildConfigurations = (
				DCA93DE51C4905FF0030930D /* Debug */,
				DCA93DE61C4905FF0030930D /* Release */,
			);
			defaultConfigurationIsVisible = 0;
			defaultConfigurationName = Release;
		};
/* End XCConfigurationList section */
	};
	rootObject = DCA93DD31C4905FF0030930D /* Project object */;
}
